Microsoft Visual Studio Solution File, Format Version 12.00
# Visual Studio Version 17
VisualStudioVersion = 17.5.2.0
MinimumVisualStudioVersion = 10.0.40219.1
Project("{FAE04EC0-301F-11D3-BF4B-00C04F79EFBC}") = "FluentAPI_FacadeExample", "FluentAPI_FacadeExample.csproj", "{DCFDD7AF-47D3-B5B0-B6A6-990D2766012B}"
EndProject
Global
	GlobalSection(SolutionConfigurationPlatforms) = preSolution
		Debug|Any CPU = Debug|Any CPU
		Release|Any CPU = Release|Any CPU
	EndGlobalSection
	GlobalSection(ProjectConfigurationPlatforms) = postSolution
		{DCFDD7AF-47D3-B5B0-B6A6-990D2766012B}.Debug|Any CPU.ActiveCfg = Debug|Any CPU
		{DCFDD7AF-47D3-B5B0-B6A6-990D2766012B}.Debug|Any CPU.Build.0 = Debug|Any CPU
		{DCFDD7AF-47D3-B5B0-B6A6-990D2766012B}.Release|Any CPU.ActiveCfg = Release|Any CPU
		{DCFDD7AF-47D3-B5B0-B6A6-990D2766012B}.Release|Any CPU.Build.0 = Release|Any CPU
	EndGlobalSection
	GlobalSection(SolutionProperties) = preSolution
		HideSolutionNode = FALSE
	EndGlobalSection
	GlobalSection(ExtensibilityGlobals) = postSolution
		SolutionGuid = {D7F331A0-0289-4BA9-8C63-524E07F323AD}
	EndGlobalSection
EndGlobal
