<?xml version="1.0" encoding="utf-8"?>
<!--
xmake version 3.0.8+HEAD.4f45b5a6b

  This file is auto generated by xmake.

  Please DO NOT EDIT since all your modification will lost after re-generation.
  See https://github.com/xmake-io/xmake/pull/472 for more infomation.
-->
<Project ToolsVersion="4.0" xmlns="http://schemas.microsoft.com/developer/msbuild/2003">
  <ItemGroup>
    <Filter Include="Properties">
      <UniqueIdentifier>{CC7C6180-942D-056E-3227-E6A2B3FB19CD}</UniqueIdentifier>
    </Filter>
    <Filter Include="acceleration">
      <UniqueIdentifier>{329B6290-4CE5-40F1-B234-50A22495768E}</UniqueIdentifier>
    </Filter>
    <Filter Include="detail">
      <UniqueIdentifier>{F5D27EE6-959C-4794-828A-4E8F6A21E7D9}</UniqueIdentifier>
    </Filter>
    <Filter Include="display">
      <UniqueIdentifier>{F47CC94D-1CC5-4859-9489-D9F26730F9B6}</UniqueIdentifier>
    </Filter>
    <Filter Include="force">
      <UniqueIdentifier>{5B8267F0-8D55-4D40-8F18-D7DD546919DD}</UniqueIdentifier>
    </Filter>
    <Filter Include="length">
      <UniqueIdentifier>{0D9FF303-C15D-4E9C-A142-F96D9C235EBA}</UniqueIdentifier>
    </Filter>
    <Filter Include="mass">
      <UniqueIdentifier>{D0636F62-FA5A-46A7-8116-7B22A916821C}</UniqueIdentifier>
    </Filter>
    <Filter Include="operations">
      <UniqueIdentifier>{6F370771-1C8D-4590-8473-C472604A0C37}</UniqueIdentifier>
    </Filter>
    <Filter Include="time">
      <UniqueIdentifier>{8A0AB69F-849D-4DBD-BE3F-D9E647A5417A}</UniqueIdentifier>
    </Filter>
    <Filter Include="velocity">
      <UniqueIdentifier>{37D22AC7-1624-427E-924B-A91798873FFC}</UniqueIdentifier>
    </Filter>

  </ItemGroup>
  <ItemGroup>
    <None Include="$(MSBuildProjectDirectory)\Xmake.Custom.props">
      <Filter>Properties</Filter>
    </None>
    <None Include="$(MSBuildProjectDirectory)\Xmake.Custom.targets">
      <Filter>Properties</Filter>
    </None>
    <None Include="$(MSBuildProjectDirectory)\Xmake.Custom.items">
      <Filter>Properties</Filter>
    </None>
    <None Include="$(MSBuildProjectDirectory)\Xmake.Custom.items.filters">
      <Filter>Properties</Filter>
    </None>
    <None Include="$(XmakeScriptDir)\xmake.lua">
      <Filter>Properties</Filter>
    </None>
  </ItemGroup>
  <ItemGroup>


  </ItemGroup>
  <ItemGroup>

    <ClCompile Include="$(XmakeProjectDir)\aztro_physics\acceleration\acceleration.cpp">
      <Filter>acceleration</Filter>
    </ClCompile>
    <ClCompile Include="$(XmakeProjectDir)\aztro_physics\detail\math.cpp">
      <Filter>detail</Filter>
    </ClCompile>
    <ClCompile Include="$(XmakeProjectDir)\aztro_physics\detail\quantity_display.cpp">
      <Filter>detail</Filter>
    </ClCompile>
    <ClCompile Include="$(XmakeProjectDir)\aztro_physics\display\display.cpp">
      <Filter>display</Filter>
    </ClCompile>
    <ClCompile Include="$(XmakeProjectDir)\aztro_physics\display\format.cpp">
      <Filter>display</Filter>
    </ClCompile>
    <ClCompile Include="$(XmakeProjectDir)\aztro_physics\force\force.cpp">
      <Filter>force</Filter>
    </ClCompile>
    <ClCompile Include="$(XmakeProjectDir)\aztro_physics\length\length.cpp">
      <Filter>length</Filter>
    </ClCompile>
    <ClCompile Include="$(XmakeProjectDir)\aztro_physics\mass\mass.cpp">
      <Filter>mass</Filter>
    </ClCompile>
    <ClCompile Include="$(XmakeProjectDir)\aztro_physics\operations\operations.cpp">
      <Filter>operations</Filter>
    </ClCompile>
    <ClCompile Include="$(XmakeProjectDir)\aztro_physics\time\time.cpp">
      <Filter>time</Filter>
    </ClCompile>
    <ClCompile Include="$(XmakeProjectDir)\aztro_physics\velocity\velocity.cpp">
      <Filter>velocity</Filter>
    </ClCompile>

    <ClCompile Include="$(XmakeProjectDir)\aztro_physics\Physics.cppm">
      <Filter><!-- nil --></Filter>
    </ClCompile>


  </ItemGroup>
  <ItemGroup>

  </ItemGroup>
  <ItemGroup>




  </ItemGroup>
  <Import Condition="Exists('$(MSBuildThisFileDirectory)\Xmake.Custom.files.filters')"
    Project="$(MSBuildThisFileDirectory)\Xmake.Custom.files.filters" />
</Project>
