
Microsoft Visual Studio Solution File, Format Version 12.00
Project("{FAE04EC0-301F-11D3-BF4B-00C04F79EFBC}") = "HackerRank", "HackerRank\HackerRank.csproj", "{65B59004-3C75-4C06-9D4D-DD2E82F908F3}"
EndProject
Project("{FAE04EC0-301F-11D3-BF4B-00C04F79EFBC}") = "Tests", "Tests\Tests.csproj", "{4602FEDC-E131-47F5-A290-6C082B201638}"
EndProject
Global
	GlobalSection(SolutionConfigurationPlatforms) = preSolution
		Debug|Any CPU = Debug|Any CPU
		Release|Any CPU = Release|Any CPU
	EndGlobalSection
	GlobalSection(ProjectConfigurationPlatforms) = postSolution
		{65B59004-3C75-4C06-9D4D-DD2E82F908F3}.Debug|Any CPU.ActiveCfg = Debug|Any CPU
		{65B59004-3C75-4C06-9D4D-DD2E82F908F3}.Debug|Any CPU.Build.0 = Debug|Any CPU
		{65B59004-3C75-4C06-9D4D-DD2E82F908F3}.Release|Any CPU.ActiveCfg = Release|Any CPU
		{65B59004-3C75-4C06-9D4D-DD2E82F908F3}.Release|Any CPU.Build.0 = Release|Any CPU
		{4602FEDC-E131-47F5-A290-6C082B201638}.Debug|Any CPU.ActiveCfg = Debug|Any CPU
		{4602FEDC-E131-47F5-A290-6C082B201638}.Debug|Any CPU.Build.0 = Debug|Any CPU
		{4602FEDC-E131-47F5-A290-6C082B201638}.Release|Any CPU.ActiveCfg = Release|Any CPU
		{4602FEDC-E131-47F5-A290-6C082B201638}.Release|Any CPU.Build.0 = Release|Any CPU
	EndGlobalSection
EndGlobal
