<?xml version="1.0" encoding="utf-8"?>
<!--
xmake version 3.0.8+HEAD.4f45b5a6b

  This file is auto generated by xmake.

  Please DO NOT EDIT since all your modification will lost after re-generation.
  See https://github.com/xmake-io/xmake/pull/472 for more infomation.
-->
<Project ToolsVersion="4.0" xmlns="http://schemas.microsoft.com/developer/msbuild/2003">
  <ItemGroup>
    <Filter Include="Properties">
      <UniqueIdentifier>{CC7C6180-942D-056E-3227-E6A2B3FB19CD}</UniqueIdentifier>
    </Filter>
    <Filter Include="..">
      <UniqueIdentifier>{8E361016-0635-41C8-85BF-79EC268BD6C0}</UniqueIdentifier>
    </Filter>
    <Filter Include="..\Testing">
      <UniqueIdentifier>{BF768DDE-A799-41D7-B269-514C7F40B753}</UniqueIdentifier>
    </Filter>
    <Filter Include="acceleration">
      <UniqueIdentifier>{329B6290-4CE5-40F1-B234-50A22495768E}</UniqueIdentifier>
    </Filter>
    <Filter Include="display">
      <UniqueIdentifier>{F47CC94D-1CC5-4859-9489-D9F26730F9B6}</UniqueIdentifier>
    </Filter>
    <Filter Include="force">
      <UniqueIdentifier>{5B8267F0-8D55-4D40-8F18-D7DD546919DD}</UniqueIdentifier>
    </Filter>
    <Filter Include="length">
      <UniqueIdentifier>{0D9FF303-C15D-4E9C-A142-F96D9C235EBA}</UniqueIdentifier>
    </Filter>
    <Filter Include="mass">
      <UniqueIdentifier>{D0636F62-FA5A-46A7-8116-7B22A916821C}</UniqueIdentifier>
    </Filter>
    <Filter Include="operations">
      <UniqueIdentifier>{6F370771-1C8D-4590-8473-C472604A0C37}</UniqueIdentifier>
    </Filter>
    <Filter Include="tests">
      <UniqueIdentifier>{93EB3D86-B79C-44E9-9BCA-F32AA5DC289F}</UniqueIdentifier>
    </Filter>
    <Filter Include="time">
      <UniqueIdentifier>{8A0AB69F-849D-4DBD-BE3F-D9E647A5417A}</UniqueIdentifier>
    </Filter>
    <Filter Include="velocity">
      <UniqueIdentifier>{37D22AC7-1624-427E-924B-A91798873FFC}</UniqueIdentifier>
    </Filter>

  </ItemGroup>
  <ItemGroup>
    <None Include="$(MSBuildProjectDirectory)\Xmake.Custom.props">
      <Filter>Properties</Filter>
    </None>
    <None Include="$(MSBuildProjectDirectory)\Xmake.Custom.targets">
      <Filter>Properties</Filter>
    </None>
    <None Include="$(MSBuildProjectDirectory)\Xmake.Custom.items">
      <Filter>Properties</Filter>
    </None>
    <None Include="$(MSBuildProjectDirectory)\Xmake.Custom.items.filters">
      <Filter>Properties</Filter>
    </None>
    <None Include="$(XmakeScriptDir)\xmake.lua">
      <Filter>Properties</Filter>
    </None>
  </ItemGroup>
  <ItemGroup>


  </ItemGroup>
  <ItemGroup>

    <ClCompile Include="$(XmakeProjectDir)\Testing\test_context.cpp">
      <Filter>..\Testing</Filter>
    </ClCompile>
    <ClCompile Include="$(XmakeProjectDir)\aztro_physics\acceleration\tests.cpp">
      <Filter>acceleration</Filter>
    </ClCompile>
    <ClCompile Include="$(XmakeProjectDir)\aztro_physics\display\tests.cpp">
      <Filter>display</Filter>
    </ClCompile>
    <ClCompile Include="$(XmakeProjectDir)\aztro_physics\force\tests.cpp">
      <Filter>force</Filter>
    </ClCompile>
    <ClCompile Include="$(XmakeProjectDir)\aztro_physics\length\tests.cpp">
      <Filter>length</Filter>
    </ClCompile>
    <ClCompile Include="$(XmakeProjectDir)\aztro_physics\mass\tests.cpp">
      <Filter>mass</Filter>
    </ClCompile>
    <ClCompile Include="$(XmakeProjectDir)\aztro_physics\operations\tests.cpp">
      <Filter>operations</Filter>
    </ClCompile>
    <ClCompile Include="$(XmakeProjectDir)\aztro_physics\tests\main.cpp">
      <Filter>tests</Filter>
    </ClCompile>
    <ClCompile Include="$(XmakeProjectDir)\aztro_physics\time\tests.cpp">
      <Filter>time</Filter>
    </ClCompile>
    <ClCompile Include="$(XmakeProjectDir)\aztro_physics\velocity\tests.cpp">
      <Filter>velocity</Filter>
    </ClCompile>



  </ItemGroup>
  <ItemGroup>

  </ItemGroup>
  <ItemGroup>




  </ItemGroup>
  <Import Condition="Exists('$(MSBuildThisFileDirectory)\Xmake.Custom.files.filters')"
    Project="$(MSBuildThisFileDirectory)\Xmake.Custom.files.filters" />
</Project>
